// !$*UTF8*$!
{
	archiveVersion = 1;
	classes = {
	};
	objectVersion = 50;
	objects = {

/* Begin PBXBuildFile section */
		45152A93210C743E0015B816 /* Utility.cpp in Sources */ = {isa = PBXBuildFile; fileRef = 45152A91210C743E0015B816 /* Utility.cpp */; };
		4565AEAB210B397D000F489E /* main.cpp in Sources */ = {isa = PBXBuildFile; fileRef = 4565AEAA210B397D000F489E /* main.cpp */; };
		4565AEB3210C3CCF000F489E /* Pool.cpp in Sources */ = {isa = PBXBuildFile; fileRef = 4565AEB1210C3CCF000F489E /* Pool.cpp */; };
		4565AEB6210C3CDD000F489E /* Bag.cpp in Sources */ = {isa = PBXBuildFile; fileRef = 4565AEB4210C3CDD000F489E /* Bag.cpp */; };
		4565AEB9210C3CE5000F489E /* Generation.cpp in Sources */ = {isa = PBXBuildFile; fileRef = 4565AEB7210C3CE5000F489E /* Generation.cpp */; };
		4565AEBC210C3CFA000F489E /* Item.cpp in Sources */ = {isa = PBXBuildFile; fileRef = 4565AEBA210C3CFA000F489E /* Item.cpp */; };
/* End PBXBuildFile section */

/* Begin PBXCopyFilesBuildPhase section */
		4565AEA5210B397D000F489E /* CopyFiles */ = {
			isa = PBXCopyFilesBuildPhase;
			buildActionMask = 2147483647;
			dstPath = /usr/share/man/man1/;
			dstSubfolderSpec = 0;
			files = (
			);
			runOnlyForDeploymentPostprocessing = 1;
		};
/* End PBXCopyFilesBuildPhase section */

/* Begin PBXFileReference section */
		45152A91210C743E0015B816 /* Utility.cpp */ = {isa = PBXFileReference; lastKnownFileType = sourcecode.cpp.cpp; path = Utility.cpp; sourceTree = "<group>"; };
		45152A92210C743E0015B816 /* Utility.hpp */ = {isa = PBXFileReference; lastKnownFileType = sourcecode.cpp.h; path = Utility.hpp; sourceTree = "<group>"; };
		4565AEA7210B397D000F489E /* Backpacker */ = {isa = PBXFileReference; explicitFileType = "compiled.mach-o.executable"; includeInIndex = 0; path = Backpacker; sourceTree = BUILT_PRODUCTS_DIR; };
		4565AEAA210B397D000F489E /* main.cpp */ = {isa = PBXFileReference; lastKnownFileType = sourcecode.cpp.cpp; path = main.cpp; sourceTree = "<group>"; };
		4565AEB1210C3CCF000F489E /* Pool.cpp */ = {isa = PBXFileReference; lastKnownFileType = sourcecode.cpp.cpp; path = Pool.cpp; sourceTree = "<group>"; };
		4565AEB2210C3CCF000F489E /* Pool.hpp */ = {isa = PBXFileReference; lastKnownFileType = sourcecode.cpp.h; path = Pool.hpp; sourceTree = "<group>"; };
		4565AEB4210C3CDD000F489E /* Bag.cpp */ = {isa = PBXFileReference; lastKnownFileType = sourcecode.cpp.cpp; path = Bag.cpp; sourceTree = "<group>"; };
		4565AEB5210C3CDD000F489E /* Bag.hpp */ = {isa = PBXFileReference; lastKnownFileType = sourcecode.cpp.h; path = Bag.hpp; sourceTree = "<group>"; };
		4565AEB7210C3CE5000F489E /* Generation.cpp */ = {isa = PBXFileReference; lastKnownFileType = sourcecode.cpp.cpp; path = Generation.cpp; sourceTree = "<group>"; };
		4565AEB8210C3CE5000F489E /* Generation.hpp */ = {isa = PBXFileReference; lastKnownFileType = sourcecode.cpp.h; path = Generation.hpp; sourceTree = "<group>"; };
		4565AEBA210C3CFA000F489E /* Item.cpp */ = {isa = PBXFileReference; lastKnownFileType = sourcecode.cpp.cpp; path = Item.cpp; sourceTree = "<group>"; };
		4565AEBB210C3CFA000F489E /* Item.hpp */ = {isa = PBXFileReference; explicitFileType = sourcecode.cpp.h; path = Item.hpp; sourceTree = "<group>"; };
/* End PBXFileReference section */

/* Begin PBXFrameworksBuildPhase section */
		4565AEA4210B397D000F489E /* Frameworks */ = {
			isa = PBXFrameworksBuildPhase;
			buildActionMask = 2147483647;
			files = (
			);
			runOnlyForDeploymentPostprocessing = 0;
		};
/* End PBXFrameworksBuildPhase section */

/* Begin PBXGroup section */
		45152C00210C7C550015B816 /* Frameworks */ = {
			isa = PBXGroup;
			children = (
			);
			name = Frameworks;
			sourceTree = "<group>";
		};
		4565AE9E210B397D000F489E = {
			isa = PBXGroup;
			children = (
				4565AEA9210B397D000F489E /* Backpacker */,
				4565AEA8210B397D000F489E /* Products */,
				45152C00210C7C550015B816 /* Frameworks */,
			);
			sourceTree = "<group>";
		};
		4565AEA8210B397D000F489E /* Products */ = {
			isa = PBXGroup;
			children = (
				4565AEA7210B397D000F489E /* Backpacker */,
			);
			name = Products;
			sourceTree = "<group>";
		};
		4565AEA9210B397D000F489E /* Backpacker */ = {
			isa = PBXGroup;
			children = (
				4565AEAA210B397D000F489E /* main.cpp */,
				4565AEB1210C3CCF000F489E /* Pool.cpp */,
				4565AEB2210C3CCF000F489E /* Pool.hpp */,
				4565AEB4210C3CDD000F489E /* Bag.cpp */,
				4565AEB5210C3CDD000F489E /* Bag.hpp */,
				45152A91210C743E0015B816 /* Utility.cpp */,
				45152A92210C743E0015B816 /* Utility.hpp */,
				4565AEB7210C3CE5000F489E /* Generation.cpp */,
				4565AEB8210C3CE5000F489E /* Generation.hpp */,
				4565AEBA210C3CFA000F489E /* Item.cpp */,
				4565AEBB210C3CFA000F489E /* Item.hpp */,
			);
			path = Backpacker;
			sourceTree = "<group>";
		};
/* End PBXGroup section */

/* Begin PBXNativeTarget section */
		4565AEA6210B397D000F489E /* Backpacker */ = {
			isa = PBXNativeTarget;
			buildConfigurationList = 4565AEAE210B397D000F489E /* Build configuration list for PBXNativeTarget "Backpacker" */;
			buildPhases = (
				4565AEA3210B397D000F489E /* Sources */,
				4565AEA4210B397D000F489E /* Frameworks */,
				4565AEA5210B397D000F489E /* CopyFiles */,
			);
			buildRules = (
			);
			dependencies = (
			);
			name = Backpacker;
			productName = Backpacker;
			productReference = 4565AEA7210B397D000F489E /* Backpacker */;
			productType = "com.apple.product-type.tool";
		};
/* End PBXNativeTarget section */

/* Begin PBXProject section */
		4565AE9F210B397D000F489E /* Project object */ = {
			isa = PBXProject;
			attributes = {
				LastUpgradeCheck = 0930;
				ORGANIZATIONNAME = "Nicolas Patschkowski";
				TargetAttributes = {
					4565AEA6210B397D000F489E = {
						CreatedOnToolsVersion = 9.3.1;
					};
				};
			};
			buildConfigurationList = 4565AEA2210B397D000F489E /* Build configuration list for PBXProject "Backpacker" */;
			compatibilityVersion = "Xcode 9.3";
			developmentRegion = en;
			hasScannedForEncodings = 0;
			knownRegions = (
				en,
			);
			mainGroup = 4565AE9E210B397D000F489E;
			productRefGroup = 4565AEA8210B397D000F489E /* Products */;
			projectDirPath = "";
			projectRoot = "";
			targets = (
				4565AEA6210B397D000F489E /* Backpacker */,
			);
		};
/* End PBXProject section */

/* Begin PBXSourcesBuildPhase section */
		4565AEA3210B397D000F489E /* Sources */ = {
			isa = PBXSourcesBuildPhase;
			buildActionMask = 2147483647;
			files = (
				45152A93210C743E0015B816 /* Utility.cpp in Sources */,
				4565AEB6210C3CDD000F489E /* Bag.cpp in Sources */,
				4565AEAB210B397D000F489E /* main.cpp in Sources */,
				4565AEB3210C3CCF000F489E /* Pool.cpp in Sources */,
				4565AEB9210C3CE5000F489E /* Generation.cpp in Sources */,
				4565AEBC210C3CFA000F489E /* Item.cpp in Sources */,
			);
			runOnlyForDeploymentPostprocessing = 0;
		};
/* End PBXSourcesBuildPhase section */

/* Begin XCBuildConfiguration section */
		4565AEAC210B397D000F489E /* Debug */ = {
			isa = XCBuildConfiguration;
			buildSettings = {
				ALWAYS_SEARCH_USER_PATHS = NO;
				CLANG_ANALYZER_NONNULL = YES;
				CLANG_ANALYZER_NUMBER_OBJECT_CONVERSION = YES_AGGRESSIVE;
				CLANG_CXX_LANGUAGE_STANDARD = "gnu++14";
				CLANG_CXX_LIBRARY = "libc++";
				CLANG_ENABLE_MODULES = YES;
				CLANG_ENABLE_OBJC_ARC = YES;
				CLANG_ENABLE_OBJC_WEAK = YES;
				CLANG_WARN_BLOCK_CAPTURE_AUTORELEASING = YES;
				CLANG_WARN_BOOL_CONVERSION = YES;
				CLANG_WARN_COMMA = YES;
				CLANG_WARN_CONSTANT_CONVERSION = YES;
				CLANG_WARN_DEPRECATED_OBJC_IMPLEMENTATIONS = YES;
				CLANG_WARN_DIRECT_OBJC_ISA_USAGE = YES_ERROR;
				CLANG_WARN_DOCUMENTATION_COMMENTS = YES;
				CLANG_WARN_EMPTY_BODY = YES;
				CLANG_WARN_ENUM_CONVERSION = YES;
				CLANG_WARN_INFINITE_RECURSION = YES;
				CLANG_WARN_INT_CONVERSION = YES;
				CLANG_WARN_NON_LITERAL_NULL_CONVERSION = YES;
				CLANG_WARN_OBJC_IMPLICIT_RETAIN_SELF = YES;
				CLANG_WARN_OBJC_LITERAL_CONVERSION = YES;
				CLANG_WARN_OBJC_ROOT_CLASS = YES_ERROR;
				CLANG_WARN_RANGE_LOOP_ANALYSIS = YES;
				CLANG_WARN_STRICT_PROTOTYPES = YES;
				CLANG_WARN_SUSPICIOUS_MOVE = YES;
				CLANG_WARN_UNGUARDED_AVAILABILITY = YES_AGGRESSIVE;
				CLANG_WARN_UNREACHABLE_CODE = YES;
				CLANG_WARN__DUPLICATE_METHOD_MATCH = YES;
				CODE_SIGN_IDENTITY = "Mac Developer";
				COPY_PHASE_STRIP = NO;
				DEBUG_INFORMATION_FORMAT = dwarf;
				ENABLE_STRICT_OBJC_MSGSEND = YES;
				ENABLE_TESTABILITY = YES;
				GCC_C_LANGUAGE_STANDARD = gnu11;
				GCC_DYNAMIC_NO_PIC = NO;
				GCC_NO_COMMON_BLOCKS = YES;
				GCC_OPTIMIZATION_LEVEL = 0;
				GCC_PREPROCESSOR_DEFINITIONS = (
					"DEBUG=1",
					"$(inherited)",
				);
				GCC_WARN_64_TO_32_BIT_CONVERSION = YES;
				GCC_WARN_ABOUT_RETURN_TYPE = YES_ERROR;
				GCC_WARN_UNDECLARED_SELECTOR = YES;
				GCC_WARN_UNINITIALIZED_AUTOS = YES_AGGRESSIVE;
				GCC_WARN_UNUSED_FUNCTION = YES;
				GCC_WARN_UNUSED_VARIABLE = YES;
				MACOSX_DEPLOYMENT_TARGET = 10.13;
				MTL_ENABLE_DEBUG_INFO = YES;
				ONLY_ACTIVE_ARCH = YES;
				SDKROOT = macosx;
			};
			name = Debug;
		};
		4565AEAD210B397D000F489E /* Release */ = {
			isa = XCBuildConfiguration;
			buildSettings = {
				ALWAYS_SEARCH_USER_PATHS = NO;
				CLANG_ANALYZER_NONNULL = YES;
				CLANG_ANALYZER_NUMBER_OBJECT_CONVERSION = YES_AGGRESSIVE;
				CLANG_CXX_LANGUAGE_STANDARD = "gnu++14";
				CLANG_CXX_LIBRARY = "libc++";
				CLANG_ENABLE_MODULES = YES;
				CLANG_ENABLE_OBJC_ARC = YES;
				CLANG_ENABLE_OBJC_WEAK = YES;
				CLANG_WARN_BLOCK_CAPTURE_AUTORELEASING = YES;
				CLANG_WARN_BOOL_CONVERSION = YES;
				CLANG_WARN_COMMA = YES;
				CLANG_WARN_CONSTANT_CONVERSION = YES;
				CLANG_WARN_DEPRECATED_OBJC_IMPLEMENTATIONS = YES;
				CLANG_WARN_DIRECT_OBJC_ISA_USAGE = YES_ERROR;
				CLANG_WARN_DOCUMENTATION_COMMENTS = YES;
				CLANG_WARN_EMPTY_BODY = YES;
				CLANG_WARN_ENUM_CONVERSION = YES;
				CLANG_WARN_INFINITE_RECURSION = YES;
				CLANG_WARN_INT_CONVERSION = YES;
				CLANG_WARN_NON_LITERAL_NULL_CONVERSION = YES;
				CLANG_WARN_OBJC_IMPLICIT_RETAIN_SELF = YES;
				CLANG_WARN_OBJC_LITERAL_CONVERSION = YES;
				CLANG_WARN_OBJC_ROOT_CLASS = YES_ERROR;
				CLANG_WARN_RANGE_LOOP_ANALYSIS = YES;
				CLANG_WARN_STRICT_PROTOTYPES = YES;
				CLANG_WARN_SUSPICIOUS_MOVE = YES;
				CLANG_WARN_UNGUARDED_AVAILABILITY = YES_AGGRESSIVE;
				CLANG_WARN_UNREACHABLE_CODE = YES;
				CLANG_WARN__DUPLICATE_METHOD_MATCH = YES;
				CODE_SIGN_IDENTITY = "Mac Developer";
				COPY_PHASE_STRIP = NO;
				DEBUG_INFORMATION_FORMAT = "dwarf-with-dsym";
				ENABLE_NS_ASSERTIONS = NO;
				ENABLE_STRICT_OBJC_MSGSEND = YES;
				GCC_C_LANGUAGE_STANDARD = gnu11;
				GCC_NO_COMMON_BLOCKS = YES;
				GCC_WARN_64_TO_32_BIT_CONVERSION = YES;
				GCC_WARN_ABOUT_RETURN_TYPE = YES_ERROR;
				GCC_WARN_UNDECLARED_SELECTOR = YES;
				GCC_WARN_UNINITIALIZED_AUTOS = YES_AGGRESSIVE;
				GCC_WARN_UNUSED_FUNCTION = YES;
				GCC_WARN_UNUSED_VARIABLE = YES;
				MACOSX_DEPLOYMENT_TARGET = 10.13;
				MTL_ENABLE_DEBUG_INFO = NO;
				SDKROOT = macosx;
			};
			name = Release;
		};
		4565AEAF210B397D000F489E /* Debug */ = {
			isa = XCBuildConfiguration;
			buildSettings = {
				CODE_SIGN_IDENTITY = "Mac Developer";
				CODE_SIGN_STYLE = Automatic;
				DEVELOPMENT_TEAM = 83Y87M5R4Z;
				PRODUCT_NAME = "$(TARGET_NAME)";
				PROVISIONING_PROFILE_SPECIFIER = "";
			};
			name = Debug;
		};
		4565AEB0210B397D000F489E /* Release */ = {
			isa = XCBuildConfiguration;
			buildSettings = {
				CODE_SIGN_IDENTITY = "Mac Developer";
				CODE_SIGN_STYLE = Automatic;
				DEVELOPMENT_TEAM = 83Y87M5R4Z;
				PRODUCT_NAME = "$(TARGET_NAME)";
				PROVISIONING_PROFILE_SPECIFIER = "";
			};
			name = Release;
		};
/* End XCBuildConfiguration section */

/* Begin XCConfigurationList section */
		4565AEA2210B397D000F489E /* Build configuration list for PBXProject "Backpacker" */ = {
			isa = XCConfigurationList;
			buildConfigurations = (
				4565AEAC210B397D000F489E /* Debug */,
				4565AEAD210B397D000F489E /* Release */,
			);
			defaultConfigurationIsVisible = 0;
			defaultConfigurationName = Release;
		};
		4565AEAE210B397D000F489E /* Build configuration list for PBXNativeTarget "Backpacker" */ = {
			isa = XCConfigurationList;
			buildConfigurations = (
				4565AEAF210B397D000F489E /* Debug */,
				4565AEB0210B397D000F489E /* Release */,
			);
			defaultConfigurationIsVisible = 0;
			defaultConfigurationName = Release;
		};
/* End XCConfigurationList section */
	};
	rootObject = 4565AE9F210B397D000F489E /* Project object */;
}
